
Microsoft Visual Studio Solution File, Format Version 12.00
# Visual Studio Version 16
VisualStudioVersion = 16.0.29911.84
MinimumVisualStudioVersion = 10.0.40219.1
Project("{FAE04EC0-301F-11D3-BF4B-00C04F79EFBC}") = "biometria_przetwarzanie_obrazow", "biometria_przetwarzanie_obrazow.csproj", "{9776B767-D322-49AC-AE54-99B53086B566}"
EndProject
Global
	GlobalSection(SolutionConfigurationPlatforms) = preSolution
		Debug|Any CPU = Debug|Any CPU
		Release|Any CPU = Release|Any CPU
	EndGlobalSection
	GlobalSection(ProjectConfigurationPlatforms) = postSolution
		{9776B767-D322-49AC-AE54-99B53086B566}.Debug|Any CPU.ActiveCfg = Debug|Any CPU
		{9776B767-D322-49AC-AE54-99B53086B566}.Debug|Any CPU.Build.0 = Debug|Any CPU
		{9776B767-D322-49AC-AE54-99B53086B566}.Release|Any CPU.ActiveCfg = Release|Any CPU
		{9776B767-D322-49AC-AE54-99B53086B566}.Release|Any CPU.Build.0 = Release|Any CPU
	EndGlobalSection
	GlobalSection(SolutionProperties) = preSolution
		HideSolutionNode = FALSE
	EndGlobalSection
	GlobalSection(ExtensibilityGlobals) = postSolution
		SolutionGuid = {9BBCED3D-C088-4CB4-8703-F344CE7A477C}
	EndGlobalSection
EndGlobal
